
Microsoft Visual Studio Solution File, Format Version 12.00
# Visual Studio Version 17
VisualStudioVersion = 17.5.002.0
MinimumVisualStudioVersion = 10.0.40219.1
Project("{2150E333-8FDC-42A3-9474-1A3956D46DE8}") = "serverInC#", "serverInC#", "{F92847DE-67B2-4D0D-9BAD-BE3D48D858BF}"
EndProject
Project("{9A19103F-16F7-4668-BE54-9A1E7A4F7556}") = "Server", "serverInC#\Server\Server.csproj", "{D765684F-CA17-41AC-BCA5-915BEF50E1C4}"
EndProject
Global
	GlobalSection(SolutionConfigurationPlatforms) = preSolution
		Debug|Any CPU = Debug|Any CPU
		Release|Any CPU = Release|Any CPU
	EndGlobalSection
	GlobalSection(ProjectConfigurationPlatforms) = postSolution
		{D765684F-CA17-41AC-BCA5-915BEF50E1C4}.Debug|Any CPU.ActiveCfg = Debug|Any CPU
		{D765684F-CA17-41AC-BCA5-915BEF50E1C4}.Debug|Any CPU.Build.0 = Debug|Any CPU
		{D765684F-CA17-41AC-BCA5-915BEF50E1C4}.Release|Any CPU.ActiveCfg = Release|Any CPU
		{D765684F-CA17-41AC-BCA5-915BEF50E1C4}.Release|Any CPU.Build.0 = Release|Any CPU
	EndGlobalSection
	GlobalSection(SolutionProperties) = preSolution
		HideSolutionNode = FALSE
	EndGlobalSection
	GlobalSection(NestedProjects) = preSolution
		{D765684F-CA17-41AC-BCA5-915BEF50E1C4} = {F92847DE-67B2-4D0D-9BAD-BE3D48D858BF}
	EndGlobalSection
	GlobalSection(ExtensibilityGlobals) = postSolution
		SolutionGuid = {4A05E640-B9D3-477B-9E16-46B82DE6A046}
	EndGlobalSection
EndGlobal
